PODS:
  - FlutterMacOS (1.0.0)
  - onnxruntime (0.0.1):
    - FlutterMacOS

DEPENDENCIES:
  - FlutterMacOS (from `Flutter/ephemeral`)
  - onnxruntime (from `Flutter/ephemeral/.symlinks/plugins/onnxruntime/macos`)

EXTERNAL SOURCES:
  FlutterMacOS:
    :path: Flutter/ephemeral
  onnxruntime:
    :path: Flutter/ephemeral/.symlinks/plugins/onnxruntime/macos

SPEC CHECKSUMS:
  FlutterMacOS: c232990155153907050900a2e175c7773903ba4e
  onnxruntime: 6d04b0ab54d8b1acea76ef2bf278e3634ba7c199

PODFILE CHECKSUM: d12b42e7502f4f2c17deb2948ab2ae4ee7a7cd6b

COCOAPODS: 1.17.0
